
Microsoft Visual Studio Solution File, Format Version 12.00
# Visual Studio Version 16
VisualStudioVersion = 16.0.28803.352
MinimumVisualStudioVersion = 10.0.40219.1
Project("{FAE04EC0-301F-11D3-BF4B-00C04F79EFBC}") = "State Exercise Solution", "State Exercise Solution\State Exercise Solution.csproj", "{446A8F7E-9568-451C-A17F-3E3FAA57727B}"
EndProject
Global
	GlobalSection(SolutionConfigurationPlatforms) = preSolution
		Debug|Any CPU = Debug|Any CPU
		Release|Any CPU = Release|Any CPU
	EndGlobalSection
	GlobalSection(ProjectConfigurationPlatforms) = postSolution
		{446A8F7E-9568-451C-A17F-3E3FAA57727B}.Debug|Any CPU.ActiveCfg = Debug|Any CPU
		{446A8F7E-9568-451C-A17F-3E3FAA57727B}.Debug|Any CPU.Build.0 = Debug|Any CPU
		{446A8F7E-9568-451C-A17F-3E3FAA57727B}.Release|Any CPU.ActiveCfg = Release|Any CPU
		{446A8F7E-9568-451C-A17F-3E3FAA57727B}.Release|Any CPU.Build.0 = Release|Any CPU
	EndGlobalSection
	GlobalSection(SolutionProperties) = preSolution
		HideSolutionNode = FALSE
	EndGlobalSection
	GlobalSection(ExtensibilityGlobals) = postSolution
		SolutionGuid = {658CE78C-501E-46D6-9D49-43F3555886AA}
	EndGlobalSection
EndGlobal
