
Microsoft Visual Studio Solution File, Format Version 12.00
# Visual Studio Version 16
VisualStudioVersion = 16.0.29009.5
MinimumVisualStudioVersion = 10.0.40219.1
Project("{FAE04EC0-301F-11D3-BF4B-00C04F79EFBC}") = "BadFanExample", "BadFanExample\BadFanExample.csproj", "{2A8C769F-3004-44A6-8446-1D904A986849}"
EndProject
Project("{FAE04EC0-301F-11D3-BF4B-00C04F79EFBC}") = "MediatorFanExample", "MediatorFanExample\MediatorFanExample.csproj", "{C1F0FFDE-3A97-4D88-ABCC-6B0895A85D32}"
EndProject
Global
	GlobalSection(SolutionConfigurationPlatforms) = preSolution
		Debug|Any CPU = Debug|Any CPU
		Release|Any CPU = Release|Any CPU
	EndGlobalSection
	GlobalSection(ProjectConfigurationPlatforms) = postSolution
		{2A8C769F-3004-44A6-8446-1D904A986849}.Debug|Any CPU.ActiveCfg = Debug|Any CPU
		{2A8C769F-3004-44A6-8446-1D904A986849}.Debug|Any CPU.Build.0 = Debug|Any CPU
		{2A8C769F-3004-44A6-8446-1D904A986849}.Release|Any CPU.ActiveCfg = Release|Any CPU
		{2A8C769F-3004-44A6-8446-1D904A986849}.Release|Any CPU.Build.0 = Release|Any CPU
		{C1F0FFDE-3A97-4D88-ABCC-6B0895A85D32}.Debug|Any CPU.ActiveCfg = Debug|Any CPU
		{C1F0FFDE-3A97-4D88-ABCC-6B0895A85D32}.Debug|Any CPU.Build.0 = Debug|Any CPU
		{C1F0FFDE-3A97-4D88-ABCC-6B0895A85D32}.Release|Any CPU.ActiveCfg = Release|Any CPU
		{C1F0FFDE-3A97-4D88-ABCC-6B0895A85D32}.Release|Any CPU.Build.0 = Release|Any CPU
	EndGlobalSection
	GlobalSection(SolutionProperties) = preSolution
		HideSolutionNode = FALSE
	EndGlobalSection
	GlobalSection(ExtensibilityGlobals) = postSolution
		SolutionGuid = {A7C555FC-F4B6-498C-B1F9-D17DBFF8B134}
	EndGlobalSection
EndGlobal
